
Microsoft Visual Studio Solution File, Format Version 12.00
# Visual Studio Version 17
VisualStudioVersion = 17.0.31919.166
MinimumVisualStudioVersion = 10.0.40219.1
Project("{FAE04EC0-301F-11D3-BF4B-00C04F79EFBC}") = "CryptoRatingMobileApp.Android", "CryptoRatingMobileApp.Android\CryptoRatingMobileApp.Android.csproj", "{F89C7D0D-5877-46F3-B256-F8A2D25C20EB}"
EndProject
Project("{FAE04EC0-301F-11D3-BF4B-00C04F79EFBC}") = "CryptoRatingMobileApp.iOS", "CryptoRatingMobileApp.iOS\CryptoRatingMobileApp.iOS.csproj", "{249FE896-16B7-43AF-AC91-EF3CEC73F3A0}"
EndProject
Project("{FAE04EC0-301F-11D3-BF4B-00C04F79EFBC}") = "CryptoRatingMobileApp", "CryptoRatingMobileApp\CryptoRatingMobileApp.csproj", "{0A3CC035-1762-43AB-BBB1-926E68341969}"
EndProject
Global
	GlobalSection(SolutionConfigurationPlatforms) = preSolution
		Debug|Any CPU = Debug|Any CPU
		Debug|iPhone = Debug|iPhone
		Debug|iPhoneSimulator = Debug|iPhoneSimulator
		Release|Any CPU = Release|Any CPU
		Release|iPhone = Release|iPhone
		Release|iPhoneSimulator = Release|iPhoneSimulator
	EndGlobalSection
	GlobalSection(ProjectConfigurationPlatforms) = postSolution
		{F89C7D0D-5877-46F3-B256-F8A2D25C20EB}.Debug|Any CPU.ActiveCfg = Debug|Any CPU
		{F89C7D0D-5877-46F3-B256-F8A2D25C20EB}.Debug|Any CPU.Build.0 = Debug|Any CPU
		{F89C7D0D-5877-46F3-B256-F8A2D25C20EB}.Debug|Any CPU.Deploy.0 = Debug|Any CPU
		{F89C7D0D-5877-46F3-B256-F8A2D25C20EB}.Debug|iPhone.ActiveCfg = Debug|Any CPU
		{F89C7D0D-5877-46F3-B256-F8A2D25C20EB}.Debug|iPhone.Build.0 = Debug|Any CPU
		{F89C7D0D-5877-46F3-B256-F8A2D25C20EB}.Debug|iPhone.Deploy.0 = Debug|Any CPU
		{F89C7D0D-5877-46F3-B256-F8A2D25C20EB}.Debug|iPhoneSimulator.ActiveCfg = Debug|Any CPU
		{F89C7D0D-5877-46F3-B256-F8A2D25C20EB}.Debug|iPhoneSimulator.Build.0 = Debug|Any CPU
		{F89C7D0D-5877-46F3-B256-F8A2D25C20EB}.Debug|iPhoneSimulator.Deploy.0 = Debug|Any CPU
		{F89C7D0D-5877-46F3-B256-F8A2D25C20EB}.Release|Any CPU.ActiveCfg = Release|Any CPU
		{F89C7D0D-5877-46F3-B256-F8A2D25C20EB}.Release|Any CPU.Build.0 = Release|Any CPU
		{F89C7D0D-5877-46F3-B256-F8A2D25C20EB}.Release|Any CPU.Deploy.0 = Release|Any CPU
		{F89C7D0D-5877-46F3-B256-F8A2D25C20EB}.Release|iPhone.ActiveCfg = Release|Any CPU
		{F89C7D0D-5877-46F3-B256-F8A2D25C20EB}.Release|iPhone.Build.0 = Release|Any CPU
		{F89C7D0D-5877-46F3-B256-F8A2D25C20EB}.Release|iPhone.Deploy.0 = Release|Any CPU
		{F89C7D0D-5877-46F3-B256-F8A2D25C20EB}.Release|iPhoneSimulator.ActiveCfg = Release|Any CPU
		{F89C7D0D-5877-46F3-B256-F8A2D25C20EB}.Release|iPhoneSimulator.Build.0 = Release|Any CPU
		{F89C7D0D-5877-46F3-B256-F8A2D25C20EB}.Release|iPhoneSimulator.Deploy.0 = Release|Any CPU
		{249FE896-16B7-43AF-AC91-EF3CEC73F3A0}.Debug|Any CPU.ActiveCfg = Debug|iPhone
		{249FE896-16B7-43AF-AC91-EF3CEC73F3A0}.Debug|Any CPU.Build.0 = Debug|iPhone
		{249FE896-16B7-43AF-AC91-EF3CEC73F3A0}.Debug|Any CPU.Deploy.0 = Debug|iPhone
		{249FE896-16B7-43AF-AC91-EF3CEC73F3A0}.Debug|iPhone.ActiveCfg = Debug|iPhone
		{249FE896-16B7-43AF-AC91-EF3CEC73F3A0}.Debug|iPhone.Build.0 = Debug|iPhone
		{249FE896-16B7-43AF-AC91-EF3CEC73F3A0}.Debug|iPhone.Deploy.0 = Debug|iPhone
		{249FE896-16B7-43AF-AC91-EF3CEC73F3A0}.Debug|iPhoneSimulator.ActiveCfg = Debug|iPhoneSimulator
		{249FE896-16B7-43AF-AC91-EF3CEC73F3A0}.Debug|iPhoneSimulator.Build.0 = Debug|iPhoneSimulator
		{249FE896-16B7-43AF-AC91-EF3CEC73F3A0}.Debug|iPhoneSimulator.Deploy.0 = Debug|iPhoneSimulator
		{249FE896-16B7-43AF-AC91-EF3CEC73F3A0}.Release|Any CPU.ActiveCfg = Release|iPhoneSimulator
		{249FE896-16B7-43AF-AC91-EF3CEC73F3A0}.Release|Any CPU.Build.0 = Release|iPhoneSimulator
		{249FE896-16B7-43AF-AC91-EF3CEC73F3A0}.Release|Any CPU.Deploy.0 = Release|iPhoneSimulator
		{249FE896-16B7-43AF-AC91-EF3CEC73F3A0}.Release|iPhone.ActiveCfg = Release|iPhone
		{249FE896-16B7-43AF-AC91-EF3CEC73F3A0}.Release|iPhone.Build.0 = Release|iPhone
		{249FE896-16B7-43AF-AC91-EF3CEC73F3A0}.Release|iPhone.Deploy.0 = Release|iPhone
		{249FE896-16B7-43AF-AC91-EF3CEC73F3A0}.Release|iPhoneSimulator.ActiveCfg = Release|iPhoneSimulator
		{249FE896-16B7-43AF-AC91-EF3CEC73F3A0}.Release|iPhoneSimulator.Build.0 = Release|iPhoneSimulator
		{249FE896-16B7-43AF-AC91-EF3CEC73F3A0}.Release|iPhoneSimulator.Deploy.0 = Release|iPhoneSimulator
		{0A3CC035-1762-43AB-BBB1-926E68341969}.Debug|Any CPU.ActiveCfg = Debug|Any CPU
		{0A3CC035-1762-43AB-BBB1-926E68341969}.Debug|Any CPU.Build.0 = Debug|Any CPU
		{0A3CC035-1762-43AB-BBB1-926E68341969}.Debug|Any CPU.Deploy.0 = Debug|Any CPU
		{0A3CC035-1762-43AB-BBB1-926E68341969}.Debug|iPhone.ActiveCfg = Debug|Any CPU
		{0A3CC035-1762-43AB-BBB1-926E68341969}.Debug|iPhone.Build.0 = Debug|Any CPU
		{0A3CC035-1762-43AB-BBB1-926E68341969}.Debug|iPhone.Deploy.0 = Debug|Any CPU
		{0A3CC035-1762-43AB-BBB1-926E68341969}.Debug|iPhoneSimulator.ActiveCfg = Debug|Any CPU
		{0A3CC035-1762-43AB-BBB1-926E68341969}.Debug|iPhoneSimulator.Build.0 = Debug|Any CPU
		{0A3CC035-1762-43AB-BBB1-926E68341969}.Debug|iPhoneSimulator.Deploy.0 = Debug|Any CPU
		{0A3CC035-1762-43AB-BBB1-926E68341969}.Release|Any CPU.ActiveCfg = Release|Any CPU
		{0A3CC035-1762-43AB-BBB1-926E68341969}.Release|Any CPU.Build.0 = Release|Any CPU
		{0A3CC035-1762-43AB-BBB1-926E68341969}.Release|Any CPU.Deploy.0 = Release|Any CPU
		{0A3CC035-1762-43AB-BBB1-926E68341969}.Release|iPhone.ActiveCfg = Release|Any CPU
		{0A3CC035-1762-43AB-BBB1-926E68341969}.Release|iPhone.Build.0 = Release|Any CPU
		{0A3CC035-1762-43AB-BBB1-926E68341969}.Release|iPhone.Deploy.0 = Release|Any CPU
		{0A3CC035-1762-43AB-BBB1-926E68341969}.Release|iPhoneSimulator.ActiveCfg = Release|Any CPU
		{0A3CC035-1762-43AB-BBB1-926E68341969}.Release|iPhoneSimulator.Build.0 = Release|Any CPU
		{0A3CC035-1762-43AB-BBB1-926E68341969}.Release|iPhoneSimulator.Deploy.0 = Release|Any CPU
	EndGlobalSection
	GlobalSection(SolutionProperties) = preSolution
		HideSolutionNode = FALSE
	EndGlobalSection
	GlobalSection(ExtensibilityGlobals) = postSolution
		SolutionGuid = {127EEAF2-27EA-472F-B0A2-1FBCD650A66B}
	EndGlobalSection
EndGlobal
